
Microsoft Visual Studio Solution File, Format Version 12.00
# Visual Studio Version 16
VisualStudioVersion = 16.0.32630.194
MinimumVisualStudioVersion = 10.0.40219.1
Project("{9A19103F-16F7-4668-BE54-9A1E7A4F7556}") = "HangMan", "HangMan\HangMan.csproj", "{F227EE16-EEFB-40F9-9767-168146C93D48}"
EndProject
Project("{FAE04EC0-301F-11D3-BF4B-00C04F79EFBC}") = "UnitTestsHangMan", "UnitTestsHangMan\UnitTestsHangMan.csproj", "{28474026-B3F6-4A87-A10E-0377ABED48C3}"
	ProjectSection(ProjectDependencies) = postProject
		{F227EE16-EEFB-40F9-9767-168146C93D48} = {F227EE16-EEFB-40F9-9767-168146C93D48}
	EndProjectSection
EndProject
Global
	GlobalSection(SolutionConfigurationPlatforms) = preSolution
		Debug|Any CPU = Debug|Any CPU
		Release|Any CPU = Release|Any CPU
	EndGlobalSection
	GlobalSection(ProjectConfigurationPlatforms) = postSolution
		{F227EE16-EEFB-40F9-9767-168146C93D48}.Debug|Any CPU.ActiveCfg = Debug|Any CPU
		{F227EE16-EEFB-40F9-9767-168146C93D48}.Debug|Any CPU.Build.0 = Debug|Any CPU
		{F227EE16-EEFB-40F9-9767-168146C93D48}.Release|Any CPU.ActiveCfg = Release|Any CPU
		{F227EE16-EEFB-40F9-9767-168146C93D48}.Release|Any CPU.Build.0 = Release|Any CPU
		{28474026-B3F6-4A87-A10E-0377ABED48C3}.Debug|Any CPU.ActiveCfg = Debug|Any CPU
		{28474026-B3F6-4A87-A10E-0377ABED48C3}.Debug|Any CPU.Build.0 = Debug|Any CPU
		{28474026-B3F6-4A87-A10E-0377ABED48C3}.Release|Any CPU.ActiveCfg = Release|Any CPU
		{28474026-B3F6-4A87-A10E-0377ABED48C3}.Release|Any CPU.Build.0 = Release|Any CPU
	EndGlobalSection
	GlobalSection(SolutionProperties) = preSolution
		HideSolutionNode = FALSE
	EndGlobalSection
	GlobalSection(ExtensibilityGlobals) = postSolution
		SolutionGuid = {AB3A7B52-5AF1-452D-9AA0-EF500379856C}
	EndGlobalSection
EndGlobal
